
Microsoft Visual Studio Solution File, Format Version 12.00
# Visual Studio Version 16
VisualStudioVersion = 16.0.30503.244
MinimumVisualStudioVersion = 10.0.40219.1
Project("{2150E333-8FDC-42A3-9474-1A3956D46DE8}") = "HelloWorld", "HelloWorld", "{F48E8415-3120-4C3C-B238-E992541AB716}"
EndProject
Project("{FAE04EC0-301F-11D3-BF4B-00C04F79EFBC}") = "Send", "HelloWorld\Send\Send.csproj", "{5169633E-8002-4D3C-A9A9-02D37327B967}"
EndProject
Project("{FAE04EC0-301F-11D3-BF4B-00C04F79EFBC}") = "Receive", "HelloWorld\Receive\Receive.csproj", "{6498A631-E216-494D-A4ED-637DD4D25B6C}"
EndProject
Project("{2150E333-8FDC-42A3-9474-1A3956D46DE8}") = "RabbitMQDemo", "RabbitMQDemo", "{418BD545-2088-41BD-8800-A5A95552E208}"
EndProject
Project("{2150E333-8FDC-42A3-9474-1A3956D46DE8}") = "Utils", "Utils", "{585AB630-E5B2-42CD-A29F-C7D10CB0591C}"
EndProject
Project("{9A19103F-16F7-4668-BE54-9A1E7A4F7556}") = "Utils", "RabbitMQDemo\Utils\Utils\Utils.csproj", "{ACDE5389-180B-4F69-8A7E-4B50D75E5001}"
EndProject
Project("{2150E333-8FDC-42A3-9474-1A3956D46DE8}") = "Simple", "Simple", "{A148267E-298B-446E-8F6C-C674FEE1E0D1}"
EndProject
Project("{9A19103F-16F7-4668-BE54-9A1E7A4F7556}") = "RabbitProducer", "RabbitMQDemo\Simple\RabbitProducer\RabbitProducer.csproj", "{C7580F32-01A3-4125-BB44-BD2DE077F508}"
EndProject
Project("{9A19103F-16F7-4668-BE54-9A1E7A4F7556}") = "RabbitConsumerPush", "RabbitMQDemo\Simple\RabbitConsumerPush\RabbitConsumerPush.csproj", "{DF61C643-9066-4062-87B4-523F2012C149}"
EndProject
Project("{9A19103F-16F7-4668-BE54-9A1E7A4F7556}") = "RabbitConsumerPull", "RabbitMQDemo\Simple\RabbitConsumerPull\RabbitConsumerPull.csproj", "{F5F948CF-A39D-4842-8A44-EA6D19C6ED4D}"
EndProject
Project("{9A19103F-16F7-4668-BE54-9A1E7A4F7556}") = "RabbitConsumerReject", "RabbitMQDemo\Simple\RabbitConsumerReject\RabbitConsumerReject.csproj", "{D0172D79-A102-4243-AC35-CCCEEF521ADA}"
EndProject
Project("{2150E333-8FDC-42A3-9474-1A3956D46DE8}") = "Mandatory", "Mandatory", "{A1F5AA50-CDDD-48BA-A1E9-879E2081B497}"
EndProject
Project("{FAE04EC0-301F-11D3-BF4B-00C04F79EFBC}") = "RabbitProducerMandatory", "RabbitMQDemo\Mandatory\RabbitProducerMandatory\RabbitProducerMandatory.csproj", "{5F06829C-FA6C-47EC-8831-09A98BF2DB36}"
EndProject
Global
	GlobalSection(SolutionConfigurationPlatforms) = preSolution
		Debug|Any CPU = Debug|Any CPU
		Release|Any CPU = Release|Any CPU
	EndGlobalSection
	GlobalSection(ProjectConfigurationPlatforms) = postSolution
		{5169633E-8002-4D3C-A9A9-02D37327B967}.Debug|Any CPU.ActiveCfg = Debug|Any CPU
		{5169633E-8002-4D3C-A9A9-02D37327B967}.Debug|Any CPU.Build.0 = Debug|Any CPU
		{5169633E-8002-4D3C-A9A9-02D37327B967}.Release|Any CPU.ActiveCfg = Release|Any CPU
		{5169633E-8002-4D3C-A9A9-02D37327B967}.Release|Any CPU.Build.0 = Release|Any CPU
		{6498A631-E216-494D-A4ED-637DD4D25B6C}.Debug|Any CPU.ActiveCfg = Debug|Any CPU
		{6498A631-E216-494D-A4ED-637DD4D25B6C}.Debug|Any CPU.Build.0 = Debug|Any CPU
		{6498A631-E216-494D-A4ED-637DD4D25B6C}.Release|Any CPU.ActiveCfg = Release|Any CPU
		{6498A631-E216-494D-A4ED-637DD4D25B6C}.Release|Any CPU.Build.0 = Release|Any CPU
		{ACDE5389-180B-4F69-8A7E-4B50D75E5001}.Debug|Any CPU.ActiveCfg = Debug|Any CPU
		{ACDE5389-180B-4F69-8A7E-4B50D75E5001}.Debug|Any CPU.Build.0 = Debug|Any CPU
		{ACDE5389-180B-4F69-8A7E-4B50D75E5001}.Release|Any CPU.ActiveCfg = Release|Any CPU
		{ACDE5389-180B-4F69-8A7E-4B50D75E5001}.Release|Any CPU.Build.0 = Release|Any CPU
		{C7580F32-01A3-4125-BB44-BD2DE077F508}.Debug|Any CPU.ActiveCfg = Debug|Any CPU
		{C7580F32-01A3-4125-BB44-BD2DE077F508}.Debug|Any CPU.Build.0 = Debug|Any CPU
		{C7580F32-01A3-4125-BB44-BD2DE077F508}.Release|Any CPU.ActiveCfg = Release|Any CPU
		{C7580F32-01A3-4125-BB44-BD2DE077F508}.Release|Any CPU.Build.0 = Release|Any CPU
		{DF61C643-9066-4062-87B4-523F2012C149}.Debug|Any CPU.ActiveCfg = Debug|Any CPU
		{DF61C643-9066-4062-87B4-523F2012C149}.Debug|Any CPU.Build.0 = Debug|Any CPU
		{DF61C643-9066-4062-87B4-523F2012C149}.Release|Any CPU.ActiveCfg = Release|Any CPU
		{DF61C643-9066-4062-87B4-523F2012C149}.Release|Any CPU.Build.0 = Release|Any CPU
		{F5F948CF-A39D-4842-8A44-EA6D19C6ED4D}.Debug|Any CPU.ActiveCfg = Debug|Any CPU
		{F5F948CF-A39D-4842-8A44-EA6D19C6ED4D}.Debug|Any CPU.Build.0 = Debug|Any CPU
		{F5F948CF-A39D-4842-8A44-EA6D19C6ED4D}.Release|Any CPU.ActiveCfg = Release|Any CPU
		{F5F948CF-A39D-4842-8A44-EA6D19C6ED4D}.Release|Any CPU.Build.0 = Release|Any CPU
		{D0172D79-A102-4243-AC35-CCCEEF521ADA}.Debug|Any CPU.ActiveCfg = Debug|Any CPU
		{D0172D79-A102-4243-AC35-CCCEEF521ADA}.Debug|Any CPU.Build.0 = Debug|Any CPU
		{D0172D79-A102-4243-AC35-CCCEEF521ADA}.Release|Any CPU.ActiveCfg = Release|Any CPU
		{D0172D79-A102-4243-AC35-CCCEEF521ADA}.Release|Any CPU.Build.0 = Release|Any CPU
		{5F06829C-FA6C-47EC-8831-09A98BF2DB36}.Debug|Any CPU.ActiveCfg = Debug|Any CPU
		{5F06829C-FA6C-47EC-8831-09A98BF2DB36}.Debug|Any CPU.Build.0 = Debug|Any CPU
		{5F06829C-FA6C-47EC-8831-09A98BF2DB36}.Release|Any CPU.ActiveCfg = Release|Any CPU
		{5F06829C-FA6C-47EC-8831-09A98BF2DB36}.Release|Any CPU.Build.0 = Release|Any CPU
	EndGlobalSection
	GlobalSection(SolutionProperties) = preSolution
		HideSolutionNode = FALSE
	EndGlobalSection
	GlobalSection(NestedProjects) = preSolution
		{5169633E-8002-4D3C-A9A9-02D37327B967} = {F48E8415-3120-4C3C-B238-E992541AB716}
		{6498A631-E216-494D-A4ED-637DD4D25B6C} = {F48E8415-3120-4C3C-B238-E992541AB716}
		{585AB630-E5B2-42CD-A29F-C7D10CB0591C} = {418BD545-2088-41BD-8800-A5A95552E208}
		{ACDE5389-180B-4F69-8A7E-4B50D75E5001} = {585AB630-E5B2-42CD-A29F-C7D10CB0591C}
		{A148267E-298B-446E-8F6C-C674FEE1E0D1} = {418BD545-2088-41BD-8800-A5A95552E208}
		{C7580F32-01A3-4125-BB44-BD2DE077F508} = {A148267E-298B-446E-8F6C-C674FEE1E0D1}
		{DF61C643-9066-4062-87B4-523F2012C149} = {A148267E-298B-446E-8F6C-C674FEE1E0D1}
		{F5F948CF-A39D-4842-8A44-EA6D19C6ED4D} = {A148267E-298B-446E-8F6C-C674FEE1E0D1}
		{D0172D79-A102-4243-AC35-CCCEEF521ADA} = {A148267E-298B-446E-8F6C-C674FEE1E0D1}
		{A1F5AA50-CDDD-48BA-A1E9-879E2081B497} = {418BD545-2088-41BD-8800-A5A95552E208}
		{5F06829C-FA6C-47EC-8831-09A98BF2DB36} = {A1F5AA50-CDDD-48BA-A1E9-879E2081B497}
	EndGlobalSection
	GlobalSection(ExtensibilityGlobals) = postSolution
		SolutionGuid = {5C1EACE7-094D-4B5C-8233-D58BE8DDE820}
	EndGlobalSection
EndGlobal
