
Microsoft Visual Studio Solution File, Format Version 12.00
# Visual Studio Version 16
VisualStudioVersion = 16.0.30503.244
MinimumVisualStudioVersion = 10.0.40219.1
Project("{2150E333-8FDC-42A3-9474-1A3956D46DE8}") = "HelloWorld", "HelloWorld", "{F48E8415-3120-4C3C-B238-E992541AB716}"
EndProject
Project("{FAE04EC0-301F-11D3-BF4B-00C04F79EFBC}") = "Send", "HelloWorld\Send\Send.csproj", "{5169633E-8002-4D3C-A9A9-02D37327B967}"
EndProject
Project("{FAE04EC0-301F-11D3-BF4B-00C04F79EFBC}") = "Receive", "HelloWorld\Receive\Receive.csproj", "{6498A631-E216-494D-A4ED-637DD4D25B6C}"
EndProject
Project("{2150E333-8FDC-42A3-9474-1A3956D46DE8}") = "RabbitMQDemo", "RabbitMQDemo", "{418BD545-2088-41BD-8800-A5A95552E208}"
EndProject
Project("{2150E333-8FDC-42A3-9474-1A3956D46DE8}") = "Utils", "Utils", "{585AB630-E5B2-42CD-A29F-C7D10CB0591C}"
EndProject
Project("{9A19103F-16F7-4668-BE54-9A1E7A4F7556}") = "Utils", "RabbitMQDemo\Utils\Utils\Utils.csproj", "{ACDE5389-180B-4F69-8A7E-4B50D75E5001}"
EndProject
Project("{2150E333-8FDC-42A3-9474-1A3956D46DE8}") = "Simple", "Simple", "{A148267E-298B-446E-8F6C-C674FEE1E0D1}"
EndProject
Project("{9A19103F-16F7-4668-BE54-9A1E7A4F7556}") = "RabbitProducer", "RabbitMQDemo\Simple\RabbitProducer\RabbitProducer.csproj", "{C7580F32-01A3-4125-BB44-BD2DE077F508}"
EndProject
Project("{9A19103F-16F7-4668-BE54-9A1E7A4F7556}") = "RabbitConsumerPush", "RabbitMQDemo\Simple\RabbitConsumerPush\RabbitConsumerPush.csproj", "{DF61C643-9066-4062-87B4-523F2012C149}"
EndProject
Project("{9A19103F-16F7-4668-BE54-9A1E7A4F7556}") = "RabbitConsumerPull", "RabbitMQDemo\Simple\RabbitConsumerPull\RabbitConsumerPull.csproj", "{F5F948CF-A39D-4842-8A44-EA6D19C6ED4D}"
EndProject
Project("{9A19103F-16F7-4668-BE54-9A1E7A4F7556}") = "RabbitConsumerReject", "RabbitMQDemo\Simple\RabbitConsumerReject\RabbitConsumerReject.csproj", "{D0172D79-A102-4243-AC35-CCCEEF521ADA}"
EndProject
Project("{2150E333-8FDC-42A3-9474-1A3956D46DE8}") = "Mandatory", "Mandatory", "{A1F5AA50-CDDD-48BA-A1E9-879E2081B497}"
EndProject
Project("{9A19103F-16F7-4668-BE54-9A1E7A4F7556}") = "RabbitProducerMandatory", "RabbitMQDemo\Mandatory\RabbitProducerMandatory\RabbitProducerMandatory.csproj", "{5F06829C-FA6C-47EC-8831-09A98BF2DB36}"
EndProject
Project("{2150E333-8FDC-42A3-9474-1A3956D46DE8}") = "TTL", "TTL", "{17200D70-8C8D-4504-A8EF-AF840BA08D91}"
EndProject
Project("{9A19103F-16F7-4668-BE54-9A1E7A4F7556}") = "RabbitProducerTTLQueue", "RabbitMQDemo\TTL\RabbitProducerTTLQueue\RabbitProducerTTLQueue.csproj", "{FD27FCA6-F358-4199-BC34-01AB30E9042A}"
EndProject
Project("{9A19103F-16F7-4668-BE54-9A1E7A4F7556}") = "RabbitConsumerTLL", "RabbitMQDemo\TTL\RabbitConsumerTLL\RabbitConsumerTLL.csproj", "{3596A688-181C-48DA-AC2A-699F1C72D243}"
EndProject
Project("{9A19103F-16F7-4668-BE54-9A1E7A4F7556}") = "RabbitProducerTTLMsg", "RabbitMQDemo\TTL\RabbitProducerTTLMsg\RabbitProducerTTLMsg.csproj", "{295493FD-0A95-43B0-A903-BA300B6CEEED}"
EndProject
Project("{2150E333-8FDC-42A3-9474-1A3956D46DE8}") = "DLX", "DLX", "{5AD52AA6-BB4A-4701-AF8B-0A91A84F28EA}"
EndProject
Project("{9A19103F-16F7-4668-BE54-9A1E7A4F7556}") = "RabbitProducerDLXFanout", "RabbitMQDemo\DLX\RabbitProducerDLXFanout\RabbitProducerDLXFanout.csproj", "{2369895A-04A7-43E5-8571-7ADFC33CD557}"
EndProject
Project("{9A19103F-16F7-4668-BE54-9A1E7A4F7556}") = "RabbitConsumerNormalFanout", "RabbitMQDemo\DLX\RabbitConsumerNormalFanout\RabbitConsumerNormalFanout.csproj", "{040F8EB6-F63F-4CD2-8342-3FA1A2726FA7}"
EndProject
Project("{9A19103F-16F7-4668-BE54-9A1E7A4F7556}") = "RabbitConsumerNormalFanout1", "RabbitMQDemo\DLX\RabbitConsumerNormalFanout1\RabbitConsumerNormalFanout1.csproj", "{B0664C3F-339A-435F-8676-896F8B82D2FF}"
EndProject
Project("{9A19103F-16F7-4668-BE54-9A1E7A4F7556}") = "RabbitConsumerDLXDirect", "RabbitMQDemo\DLX\RabbitConsumerDLXDirect\RabbitConsumerDLXDirect.csproj", "{F6A8945C-4A24-4876-9265-7263B42CEF10}"
EndProject
Project("{9A19103F-16F7-4668-BE54-9A1E7A4F7556}") = "RabbitConsumerNormalDirect", "RabbitMQDemo\DLX\RabbitConsumerNormalDirect\RabbitConsumerNormalDirect.csproj", "{3CCC3C50-8243-4029-937B-39D0F0473DE6}"
EndProject
Project("{9A19103F-16F7-4668-BE54-9A1E7A4F7556}") = "RabbitProducerDLXDirect", "RabbitMQDemo\DLX\RabbitProducerDLXDirect\RabbitProducerDLXDirect.csproj", "{33721EA2-368B-4B8A-957F-D415CD91A35A}"
EndProject
Project("{2150E333-8FDC-42A3-9474-1A3956D46DE8}") = "Delay", "Delay", "{818ACDEF-4056-4F40-8D14-C89F44763710}"
EndProject
Project("{9A19103F-16F7-4668-BE54-9A1E7A4F7556}") = "RabbitProducerDelay", "RabbitMQDemo\Delay\RabbitProducerDelay\RabbitProducerDelay.csproj", "{120884F8-B346-46DA-B571-A486C566CBDC}"
EndProject
Project("{9A19103F-16F7-4668-BE54-9A1E7A4F7556}") = "RabbitConsumerDelay", "RabbitMQDemo\Delay\RabbitConsumerDelay\RabbitConsumerDelay.csproj", "{5F651685-2E92-464F-AC30-9D09C17F8E49}"
EndProject
Project("{2150E333-8FDC-42A3-9474-1A3956D46DE8}") = "Priority", "Priority", "{66B2E90F-9804-4E81-9872-1845E9A09F42}"
EndProject
Project("{9A19103F-16F7-4668-BE54-9A1E7A4F7556}") = "RabbitProducerPriority", "RabbitMQDemo\Priority\RabbitProducerPriority\RabbitProducerPriority.csproj", "{A3287C4E-69A7-44C8-8CF9-5D505E980E80}"
EndProject
Project("{9A19103F-16F7-4668-BE54-9A1E7A4F7556}") = "RabbitConsumerPriority", "RabbitMQDemo\Priority\RabbitConsumerPriority\RabbitConsumerPriority.csproj", "{FF54A8AF-8BC1-41E6-BFB6-1E9374A519AC}"
EndProject
Project("{2150E333-8FDC-42A3-9474-1A3956D46DE8}") = "RPC", "RPC", "{7B666170-DAFF-4918-B9BA-5447BFB0D0C0}"
EndProject
Project("{9A19103F-16F7-4668-BE54-9A1E7A4F7556}") = "RpcClient", "RabbitMQDemo\RPC\RpcClient\RpcClient.csproj", "{0842C1EC-52D5-4714-AF3B-5090F2CB5F81}"
EndProject
Project("{9A19103F-16F7-4668-BE54-9A1E7A4F7556}") = "RPCServer", "RabbitMQDemo\RPC\RPCServer\RPCServer.csproj", "{78AB3E3C-A86B-414F-A5BE-EDE16DD7341E}"
EndProject
Project("{FAE04EC0-301F-11D3-BF4B-00C04F79EFBC}") = "RabbitConsumerAck", "RabbitMQDemo\Simple\RabbitConsumerAck\RabbitConsumerAck.csproj", "{BEAC5F3C-8EBE-4595-861C-D97993DA37CD}"
EndProject
Project("{2150E333-8FDC-42A3-9474-1A3956D46DE8}") = "ProductConfirm", "ProductConfirm", "{8937EDAE-2628-42CD-AEE4-281FD03ABB97}"
EndProject
Project("{FAE04EC0-301F-11D3-BF4B-00C04F79EFBC}") = "RabbitProducerTransaction", "RabbitMQDemo\ProductConfirm\RabbitProducerTransaction\RabbitProducerTransaction.csproj", "{89B92147-EF21-43B6-A05D-86AA4415AADF}"
EndProject
Project("{FAE04EC0-301F-11D3-BF4B-00C04F79EFBC}") = "RabbitConsumer", "RabbitMQDemo\ProductConfirm\RabbitConsumer\RabbitConsumer.csproj", "{4BCB377B-F2B2-4C56-BECF-B723B3EAAAC3}"
EndProject
Project("{FAE04EC0-301F-11D3-BF4B-00C04F79EFBC}") = "RabbitProducerConfirm", "RabbitMQDemo\ProductConfirm\RabbitProducerConfirm\RabbitProducerConfirm.csproj", "{5691D9FA-4942-4F18-9AA8-B46010339C5E}"
EndProject
Global
	GlobalSection(SolutionConfigurationPlatforms) = preSolution
		Debug|Any CPU = Debug|Any CPU
		Release|Any CPU = Release|Any CPU
	EndGlobalSection
	GlobalSection(ProjectConfigurationPlatforms) = postSolution
		{5169633E-8002-4D3C-A9A9-02D37327B967}.Debug|Any CPU.ActiveCfg = Debug|Any CPU
		{5169633E-8002-4D3C-A9A9-02D37327B967}.Debug|Any CPU.Build.0 = Debug|Any CPU
		{5169633E-8002-4D3C-A9A9-02D37327B967}.Release|Any CPU.ActiveCfg = Release|Any CPU
		{5169633E-8002-4D3C-A9A9-02D37327B967}.Release|Any CPU.Build.0 = Release|Any CPU
		{6498A631-E216-494D-A4ED-637DD4D25B6C}.Debug|Any CPU.ActiveCfg = Debug|Any CPU
		{6498A631-E216-494D-A4ED-637DD4D25B6C}.Debug|Any CPU.Build.0 = Debug|Any CPU
		{6498A631-E216-494D-A4ED-637DD4D25B6C}.Release|Any CPU.ActiveCfg = Release|Any CPU
		{6498A631-E216-494D-A4ED-637DD4D25B6C}.Release|Any CPU.Build.0 = Release|Any CPU
		{ACDE5389-180B-4F69-8A7E-4B50D75E5001}.Debug|Any CPU.ActiveCfg = Debug|Any CPU
		{ACDE5389-180B-4F69-8A7E-4B50D75E5001}.Debug|Any CPU.Build.0 = Debug|Any CPU
		{ACDE5389-180B-4F69-8A7E-4B50D75E5001}.Release|Any CPU.ActiveCfg = Release|Any CPU
		{ACDE5389-180B-4F69-8A7E-4B50D75E5001}.Release|Any CPU.Build.0 = Release|Any CPU
		{C7580F32-01A3-4125-BB44-BD2DE077F508}.Debug|Any CPU.ActiveCfg = Debug|Any CPU
		{C7580F32-01A3-4125-BB44-BD2DE077F508}.Debug|Any CPU.Build.0 = Debug|Any CPU
		{C7580F32-01A3-4125-BB44-BD2DE077F508}.Release|Any CPU.ActiveCfg = Release|Any CPU
		{C7580F32-01A3-4125-BB44-BD2DE077F508}.Release|Any CPU.Build.0 = Release|Any CPU
		{DF61C643-9066-4062-87B4-523F2012C149}.Debug|Any CPU.ActiveCfg = Debug|Any CPU
		{DF61C643-9066-4062-87B4-523F2012C149}.Debug|Any CPU.Build.0 = Debug|Any CPU
		{DF61C643-9066-4062-87B4-523F2012C149}.Release|Any CPU.ActiveCfg = Release|Any CPU
		{DF61C643-9066-4062-87B4-523F2012C149}.Release|Any CPU.Build.0 = Release|Any CPU
		{F5F948CF-A39D-4842-8A44-EA6D19C6ED4D}.Debug|Any CPU.ActiveCfg = Debug|Any CPU
		{F5F948CF-A39D-4842-8A44-EA6D19C6ED4D}.Debug|Any CPU.Build.0 = Debug|Any CPU
		{F5F948CF-A39D-4842-8A44-EA6D19C6ED4D}.Release|Any CPU.ActiveCfg = Release|Any CPU
		{F5F948CF-A39D-4842-8A44-EA6D19C6ED4D}.Release|Any CPU.Build.0 = Release|Any CPU
		{D0172D79-A102-4243-AC35-CCCEEF521ADA}.Debug|Any CPU.ActiveCfg = Debug|Any CPU
		{D0172D79-A102-4243-AC35-CCCEEF521ADA}.Debug|Any CPU.Build.0 = Debug|Any CPU
		{D0172D79-A102-4243-AC35-CCCEEF521ADA}.Release|Any CPU.ActiveCfg = Release|Any CPU
		{D0172D79-A102-4243-AC35-CCCEEF521ADA}.Release|Any CPU.Build.0 = Release|Any CPU
		{5F06829C-FA6C-47EC-8831-09A98BF2DB36}.Debug|Any CPU.ActiveCfg = Debug|Any CPU
		{5F06829C-FA6C-47EC-8831-09A98BF2DB36}.Debug|Any CPU.Build.0 = Debug|Any CPU
		{5F06829C-FA6C-47EC-8831-09A98BF2DB36}.Release|Any CPU.ActiveCfg = Release|Any CPU
		{5F06829C-FA6C-47EC-8831-09A98BF2DB36}.Release|Any CPU.Build.0 = Release|Any CPU
		{FD27FCA6-F358-4199-BC34-01AB30E9042A}.Debug|Any CPU.ActiveCfg = Debug|Any CPU
		{FD27FCA6-F358-4199-BC34-01AB30E9042A}.Debug|Any CPU.Build.0 = Debug|Any CPU
		{FD27FCA6-F358-4199-BC34-01AB30E9042A}.Release|Any CPU.ActiveCfg = Release|Any CPU
		{FD27FCA6-F358-4199-BC34-01AB30E9042A}.Release|Any CPU.Build.0 = Release|Any CPU
		{3596A688-181C-48DA-AC2A-699F1C72D243}.Debug|Any CPU.ActiveCfg = Debug|Any CPU
		{3596A688-181C-48DA-AC2A-699F1C72D243}.Debug|Any CPU.Build.0 = Debug|Any CPU
		{3596A688-181C-48DA-AC2A-699F1C72D243}.Release|Any CPU.ActiveCfg = Release|Any CPU
		{3596A688-181C-48DA-AC2A-699F1C72D243}.Release|Any CPU.Build.0 = Release|Any CPU
		{295493FD-0A95-43B0-A903-BA300B6CEEED}.Debug|Any CPU.ActiveCfg = Debug|Any CPU
		{295493FD-0A95-43B0-A903-BA300B6CEEED}.Debug|Any CPU.Build.0 = Debug|Any CPU
		{295493FD-0A95-43B0-A903-BA300B6CEEED}.Release|Any CPU.ActiveCfg = Release|Any CPU
		{295493FD-0A95-43B0-A903-BA300B6CEEED}.Release|Any CPU.Build.0 = Release|Any CPU
		{2369895A-04A7-43E5-8571-7ADFC33CD557}.Debug|Any CPU.ActiveCfg = Debug|Any CPU
		{2369895A-04A7-43E5-8571-7ADFC33CD557}.Debug|Any CPU.Build.0 = Debug|Any CPU
		{2369895A-04A7-43E5-8571-7ADFC33CD557}.Release|Any CPU.ActiveCfg = Release|Any CPU
		{2369895A-04A7-43E5-8571-7ADFC33CD557}.Release|Any CPU.Build.0 = Release|Any CPU
		{040F8EB6-F63F-4CD2-8342-3FA1A2726FA7}.Debug|Any CPU.ActiveCfg = Debug|Any CPU
		{040F8EB6-F63F-4CD2-8342-3FA1A2726FA7}.Debug|Any CPU.Build.0 = Debug|Any CPU
		{040F8EB6-F63F-4CD2-8342-3FA1A2726FA7}.Release|Any CPU.ActiveCfg = Release|Any CPU
		{040F8EB6-F63F-4CD2-8342-3FA1A2726FA7}.Release|Any CPU.Build.0 = Release|Any CPU
		{B0664C3F-339A-435F-8676-896F8B82D2FF}.Debug|Any CPU.ActiveCfg = Debug|Any CPU
		{B0664C3F-339A-435F-8676-896F8B82D2FF}.Debug|Any CPU.Build.0 = Debug|Any CPU
		{B0664C3F-339A-435F-8676-896F8B82D2FF}.Release|Any CPU.ActiveCfg = Release|Any CPU
		{B0664C3F-339A-435F-8676-896F8B82D2FF}.Release|Any CPU.Build.0 = Release|Any CPU
		{F6A8945C-4A24-4876-9265-7263B42CEF10}.Debug|Any CPU.ActiveCfg = Debug|Any CPU
		{F6A8945C-4A24-4876-9265-7263B42CEF10}.Debug|Any CPU.Build.0 = Debug|Any CPU
		{F6A8945C-4A24-4876-9265-7263B42CEF10}.Release|Any CPU.ActiveCfg = Release|Any CPU
		{F6A8945C-4A24-4876-9265-7263B42CEF10}.Release|Any CPU.Build.0 = Release|Any CPU
		{3CCC3C50-8243-4029-937B-39D0F0473DE6}.Debug|Any CPU.ActiveCfg = Debug|Any CPU
		{3CCC3C50-8243-4029-937B-39D0F0473DE6}.Debug|Any CPU.Build.0 = Debug|Any CPU
		{3CCC3C50-8243-4029-937B-39D0F0473DE6}.Release|Any CPU.ActiveCfg = Release|Any CPU
		{3CCC3C50-8243-4029-937B-39D0F0473DE6}.Release|Any CPU.Build.0 = Release|Any CPU
		{33721EA2-368B-4B8A-957F-D415CD91A35A}.Debug|Any CPU.ActiveCfg = Debug|Any CPU
		{33721EA2-368B-4B8A-957F-D415CD91A35A}.Debug|Any CPU.Build.0 = Debug|Any CPU
		{33721EA2-368B-4B8A-957F-D415CD91A35A}.Release|Any CPU.ActiveCfg = Release|Any CPU
		{33721EA2-368B-4B8A-957F-D415CD91A35A}.Release|Any CPU.Build.0 = Release|Any CPU
		{120884F8-B346-46DA-B571-A486C566CBDC}.Debug|Any CPU.ActiveCfg = Debug|Any CPU
		{120884F8-B346-46DA-B571-A486C566CBDC}.Debug|Any CPU.Build.0 = Debug|Any CPU
		{120884F8-B346-46DA-B571-A486C566CBDC}.Release|Any CPU.ActiveCfg = Release|Any CPU
		{120884F8-B346-46DA-B571-A486C566CBDC}.Release|Any CPU.Build.0 = Release|Any CPU
		{5F651685-2E92-464F-AC30-9D09C17F8E49}.Debug|Any CPU.ActiveCfg = Debug|Any CPU
		{5F651685-2E92-464F-AC30-9D09C17F8E49}.Debug|Any CPU.Build.0 = Debug|Any CPU
		{5F651685-2E92-464F-AC30-9D09C17F8E49}.Release|Any CPU.ActiveCfg = Release|Any CPU
		{5F651685-2E92-464F-AC30-9D09C17F8E49}.Release|Any CPU.Build.0 = Release|Any CPU
		{A3287C4E-69A7-44C8-8CF9-5D505E980E80}.Debug|Any CPU.ActiveCfg = Debug|Any CPU
		{A3287C4E-69A7-44C8-8CF9-5D505E980E80}.Debug|Any CPU.Build.0 = Debug|Any CPU
		{A3287C4E-69A7-44C8-8CF9-5D505E980E80}.Release|Any CPU.ActiveCfg = Release|Any CPU
		{A3287C4E-69A7-44C8-8CF9-5D505E980E80}.Release|Any CPU.Build.0 = Release|Any CPU
		{FF54A8AF-8BC1-41E6-BFB6-1E9374A519AC}.Debug|Any CPU.ActiveCfg = Debug|Any CPU
		{FF54A8AF-8BC1-41E6-BFB6-1E9374A519AC}.Debug|Any CPU.Build.0 = Debug|Any CPU
		{FF54A8AF-8BC1-41E6-BFB6-1E9374A519AC}.Release|Any CPU.ActiveCfg = Release|Any CPU
		{FF54A8AF-8BC1-41E6-BFB6-1E9374A519AC}.Release|Any CPU.Build.0 = Release|Any CPU
		{0842C1EC-52D5-4714-AF3B-5090F2CB5F81}.Debug|Any CPU.ActiveCfg = Debug|Any CPU
		{0842C1EC-52D5-4714-AF3B-5090F2CB5F81}.Debug|Any CPU.Build.0 = Debug|Any CPU
		{0842C1EC-52D5-4714-AF3B-5090F2CB5F81}.Release|Any CPU.ActiveCfg = Release|Any CPU
		{0842C1EC-52D5-4714-AF3B-5090F2CB5F81}.Release|Any CPU.Build.0 = Release|Any CPU
		{78AB3E3C-A86B-414F-A5BE-EDE16DD7341E}.Debug|Any CPU.ActiveCfg = Debug|Any CPU
		{78AB3E3C-A86B-414F-A5BE-EDE16DD7341E}.Debug|Any CPU.Build.0 = Debug|Any CPU
		{78AB3E3C-A86B-414F-A5BE-EDE16DD7341E}.Release|Any CPU.ActiveCfg = Release|Any CPU
		{78AB3E3C-A86B-414F-A5BE-EDE16DD7341E}.Release|Any CPU.Build.0 = Release|Any CPU
		{BEAC5F3C-8EBE-4595-861C-D97993DA37CD}.Debug|Any CPU.ActiveCfg = Debug|Any CPU
		{BEAC5F3C-8EBE-4595-861C-D97993DA37CD}.Debug|Any CPU.Build.0 = Debug|Any CPU
		{BEAC5F3C-8EBE-4595-861C-D97993DA37CD}.Release|Any CPU.ActiveCfg = Release|Any CPU
		{BEAC5F3C-8EBE-4595-861C-D97993DA37CD}.Release|Any CPU.Build.0 = Release|Any CPU
		{89B92147-EF21-43B6-A05D-86AA4415AADF}.Debug|Any CPU.ActiveCfg = Debug|Any CPU
		{89B92147-EF21-43B6-A05D-86AA4415AADF}.Debug|Any CPU.Build.0 = Debug|Any CPU
		{89B92147-EF21-43B6-A05D-86AA4415AADF}.Release|Any CPU.ActiveCfg = Release|Any CPU
		{89B92147-EF21-43B6-A05D-86AA4415AADF}.Release|Any CPU.Build.0 = Release|Any CPU
		{4BCB377B-F2B2-4C56-BECF-B723B3EAAAC3}.Debug|Any CPU.ActiveCfg = Debug|Any CPU
		{4BCB377B-F2B2-4C56-BECF-B723B3EAAAC3}.Debug|Any CPU.Build.0 = Debug|Any CPU
		{4BCB377B-F2B2-4C56-BECF-B723B3EAAAC3}.Release|Any CPU.ActiveCfg = Release|Any CPU
		{4BCB377B-F2B2-4C56-BECF-B723B3EAAAC3}.Release|Any CPU.Build.0 = Release|Any CPU
		{5691D9FA-4942-4F18-9AA8-B46010339C5E}.Debug|Any CPU.ActiveCfg = Debug|Any CPU
		{5691D9FA-4942-4F18-9AA8-B46010339C5E}.Debug|Any CPU.Build.0 = Debug|Any CPU
		{5691D9FA-4942-4F18-9AA8-B46010339C5E}.Release|Any CPU.ActiveCfg = Release|Any CPU
		{5691D9FA-4942-4F18-9AA8-B46010339C5E}.Release|Any CPU.Build.0 = Release|Any CPU
	EndGlobalSection
	GlobalSection(SolutionProperties) = preSolution
		HideSolutionNode = FALSE
	EndGlobalSection
	GlobalSection(NestedProjects) = preSolution
		{5169633E-8002-4D3C-A9A9-02D37327B967} = {F48E8415-3120-4C3C-B238-E992541AB716}
		{6498A631-E216-494D-A4ED-637DD4D25B6C} = {F48E8415-3120-4C3C-B238-E992541AB716}
		{585AB630-E5B2-42CD-A29F-C7D10CB0591C} = {418BD545-2088-41BD-8800-A5A95552E208}
		{ACDE5389-180B-4F69-8A7E-4B50D75E5001} = {585AB630-E5B2-42CD-A29F-C7D10CB0591C}
		{A148267E-298B-446E-8F6C-C674FEE1E0D1} = {418BD545-2088-41BD-8800-A5A95552E208}
		{C7580F32-01A3-4125-BB44-BD2DE077F508} = {A148267E-298B-446E-8F6C-C674FEE1E0D1}
		{DF61C643-9066-4062-87B4-523F2012C149} = {A148267E-298B-446E-8F6C-C674FEE1E0D1}
		{F5F948CF-A39D-4842-8A44-EA6D19C6ED4D} = {A148267E-298B-446E-8F6C-C674FEE1E0D1}
		{D0172D79-A102-4243-AC35-CCCEEF521ADA} = {A148267E-298B-446E-8F6C-C674FEE1E0D1}
		{A1F5AA50-CDDD-48BA-A1E9-879E2081B497} = {418BD545-2088-41BD-8800-A5A95552E208}
		{5F06829C-FA6C-47EC-8831-09A98BF2DB36} = {A1F5AA50-CDDD-48BA-A1E9-879E2081B497}
		{17200D70-8C8D-4504-A8EF-AF840BA08D91} = {418BD545-2088-41BD-8800-A5A95552E208}
		{FD27FCA6-F358-4199-BC34-01AB30E9042A} = {17200D70-8C8D-4504-A8EF-AF840BA08D91}
		{3596A688-181C-48DA-AC2A-699F1C72D243} = {17200D70-8C8D-4504-A8EF-AF840BA08D91}
		{295493FD-0A95-43B0-A903-BA300B6CEEED} = {17200D70-8C8D-4504-A8EF-AF840BA08D91}
		{5AD52AA6-BB4A-4701-AF8B-0A91A84F28EA} = {418BD545-2088-41BD-8800-A5A95552E208}
		{2369895A-04A7-43E5-8571-7ADFC33CD557} = {5AD52AA6-BB4A-4701-AF8B-0A91A84F28EA}
		{040F8EB6-F63F-4CD2-8342-3FA1A2726FA7} = {5AD52AA6-BB4A-4701-AF8B-0A91A84F28EA}
		{B0664C3F-339A-435F-8676-896F8B82D2FF} = {5AD52AA6-BB4A-4701-AF8B-0A91A84F28EA}
		{F6A8945C-4A24-4876-9265-7263B42CEF10} = {5AD52AA6-BB4A-4701-AF8B-0A91A84F28EA}
		{3CCC3C50-8243-4029-937B-39D0F0473DE6} = {5AD52AA6-BB4A-4701-AF8B-0A91A84F28EA}
		{33721EA2-368B-4B8A-957F-D415CD91A35A} = {5AD52AA6-BB4A-4701-AF8B-0A91A84F28EA}
		{818ACDEF-4056-4F40-8D14-C89F44763710} = {418BD545-2088-41BD-8800-A5A95552E208}
		{120884F8-B346-46DA-B571-A486C566CBDC} = {818ACDEF-4056-4F40-8D14-C89F44763710}
		{5F651685-2E92-464F-AC30-9D09C17F8E49} = {818ACDEF-4056-4F40-8D14-C89F44763710}
		{66B2E90F-9804-4E81-9872-1845E9A09F42} = {418BD545-2088-41BD-8800-A5A95552E208}
		{A3287C4E-69A7-44C8-8CF9-5D505E980E80} = {66B2E90F-9804-4E81-9872-1845E9A09F42}
		{FF54A8AF-8BC1-41E6-BFB6-1E9374A519AC} = {66B2E90F-9804-4E81-9872-1845E9A09F42}
		{7B666170-DAFF-4918-B9BA-5447BFB0D0C0} = {418BD545-2088-41BD-8800-A5A95552E208}
		{0842C1EC-52D5-4714-AF3B-5090F2CB5F81} = {7B666170-DAFF-4918-B9BA-5447BFB0D0C0}
		{78AB3E3C-A86B-414F-A5BE-EDE16DD7341E} = {7B666170-DAFF-4918-B9BA-5447BFB0D0C0}
		{BEAC5F3C-8EBE-4595-861C-D97993DA37CD} = {A148267E-298B-446E-8F6C-C674FEE1E0D1}
		{8937EDAE-2628-42CD-AEE4-281FD03ABB97} = {418BD545-2088-41BD-8800-A5A95552E208}
		{89B92147-EF21-43B6-A05D-86AA4415AADF} = {8937EDAE-2628-42CD-AEE4-281FD03ABB97}
		{4BCB377B-F2B2-4C56-BECF-B723B3EAAAC3} = {8937EDAE-2628-42CD-AEE4-281FD03ABB97}
		{5691D9FA-4942-4F18-9AA8-B46010339C5E} = {8937EDAE-2628-42CD-AEE4-281FD03ABB97}
	EndGlobalSection
	GlobalSection(ExtensibilityGlobals) = postSolution
		SolutionGuid = {5C1EACE7-094D-4B5C-8233-D58BE8DDE820}
	EndGlobalSection
EndGlobal
